// !$*UTF8*$!
{
	archiveVersion = 1;
	classes = {
	};
	objectVersion = 51;
	objects = {

/* Begin PBXBuildFile section */
		7488D97826981C1C00424347 /* SecondViewController.swift in Sources */ = {isa = PBXBuildFile; fileRef = 7488D97726981C1C00424347 /* SecondViewController.swift */; };
		74CB647326982A0300137BD2 /* ThirdViewController.swift in Sources */ = {isa = PBXBuildFile; fileRef = 74CB647226982A0300137BD2 /* ThirdViewController.swift */; };
		74D5366F2697F079001CBECC /* AppDelegate.swift in Sources */ = {isa = PBXBuildFile; fileRef = 74D5366E2697F079001CBECC /* AppDelegate.swift */; };
		74D536712697F079001CBECC /* SceneDelegate.swift in Sources */ = {isa = PBXBuildFile; fileRef = 74D536702697F079001CBECC /* SceneDelegate.swift */; };
		74D536732697F079001CBECC /* ViewController.swift in Sources */ = {isa = PBXBuildFile; fileRef = 74D536722697F079001CBECC /* ViewController.swift */; };
		74D536762697F079001CBECC /* Main.storyboard in Resources */ = {isa = PBXBuildFile; fileRef = 74D536742697F079001CBECC /* Main.storyboard */; };
		74D536782697F07A001CBECC /* Assets.xcassets in Resources */ = {isa = PBXBuildFile; fileRef = 74D536772697F07A001CBECC /* Assets.xcassets */; };
		74D5367B2697F07A001CBECC /* LaunchScreen.storyboard in Resources */ = {isa = PBXBuildFile; fileRef = 74D536792697F07A001CBECC /* LaunchScreen.storyboard */; };
		74D536842697FB17001CBECC /* Localizable.strings in Resources */ = {isa = PBXBuildFile; fileRef = 74D536862697FB17001CBECC /* Localizable.strings */; };
		74D536912697FF8C001CBECC /* Protocols.swift in Sources */ = {isa = PBXBuildFile; fileRef = 74D536902697FF8C001CBECC /* Protocols.swift */; };
		97E2038CDB31D3F90956934D /* Pods_TranslationDemo.framework in Frameworks */ = {isa = PBXBuildFile; fileRef = 921680F243BD771A28E00049 /* Pods_TranslationDemo.framework */; };
/* End PBXBuildFile section */

/* Begin PBXFileReference section */
		7488D97726981C1C00424347 /* SecondViewController.swift */ = {isa = PBXFileReference; lastKnownFileType = sourcecode.swift; path = SecondViewController.swift; sourceTree = "<group>"; };
		74CB647226982A0300137BD2 /* ThirdViewController.swift */ = {isa = PBXFileReference; lastKnownFileType = sourcecode.swift; path = ThirdViewController.swift; sourceTree = "<group>"; };
		74D5366B2697F079001CBECC /* TranslationDemo.app */ = {isa = PBXFileReference; explicitFileType = wrapper.application; includeInIndex = 0; path = TranslationDemo.app; sourceTree = BUILT_PRODUCTS_DIR; };
		74D5366E2697F079001CBECC /* AppDelegate.swift */ = {isa = PBXFileReference; lastKnownFileType = sourcecode.swift; path = AppDelegate.swift; sourceTree = "<group>"; };
		74D536702697F079001CBECC /* SceneDelegate.swift */ = {isa = PBXFileReference; lastKnownFileType = sourcecode.swift; path = SceneDelegate.swift; sourceTree = "<group>"; };
		74D536722697F079001CBECC /* ViewController.swift */ = {isa = PBXFileReference; lastKnownFileType = sourcecode.swift; path = ViewController.swift; sourceTree = "<group>"; };
		74D536752697F079001CBECC /* Base */ = {isa = PBXFileReference; lastKnownFileType = file.storyboard; name = Base; path = Base.lproj/Main.storyboard; sourceTree = "<group>"; };
		74D536772697F07A001CBECC /* Assets.xcassets */ = {isa = PBXFileReference; lastKnownFileType = folder.assetcatalog; path = Assets.xcassets; sourceTree = "<group>"; };
		74D5367A2697F07A001CBECC /* Base */ = {isa = PBXFileReference; lastKnownFileType = file.storyboard; name = Base; path = Base.lproj/LaunchScreen.storyboard; sourceTree = "<group>"; };
		74D5367C2697F07A001CBECC /* Info.plist */ = {isa = PBXFileReference; lastKnownFileType = text.plist.xml; path = Info.plist; sourceTree = "<group>"; };
		74D536852697FB17001CBECC /* en */ = {isa = PBXFileReference; lastKnownFileType = text.plist.strings; name = en; path = en.lproj/Localizable.strings; sourceTree = "<group>"; };
		74D536872697FB3F001CBECC /* zh-Hans */ = {isa = PBXFileReference; lastKnownFileType = text.plist.strings; name = "zh-Hans"; path = "zh-Hans.lproj/Main.strings"; sourceTree = "<group>"; };
		74D536882697FB3F001CBECC /* zh-Hans */ = {isa = PBXFileReference; lastKnownFileType = text.plist.strings; name = "zh-Hans"; path = "zh-Hans.lproj/LaunchScreen.strings"; sourceTree = "<group>"; };
		74D536892697FB3F001CBECC /* zh-Hans */ = {isa = PBXFileReference; lastKnownFileType = text.plist.strings; name = "zh-Hans"; path = "zh-Hans.lproj/Localizable.strings"; sourceTree = "<group>"; };
		74D5368A2697FB44001CBECC /* ms */ = {isa = PBXFileReference; lastKnownFileType = text.plist.strings; name = ms; path = ms.lproj/Main.strings; sourceTree = "<group>"; };
		74D5368B2697FB44001CBECC /* ms */ = {isa = PBXFileReference; lastKnownFileType = text.plist.strings; name = ms; path = ms.lproj/LaunchScreen.strings; sourceTree = "<group>"; };
		74D5368C2697FB44001CBECC /* ms */ = {isa = PBXFileReference; lastKnownFileType = text.plist.strings; name = ms; path = ms.lproj/Localizable.strings; sourceTree = "<group>"; };
		74D5368D2697FB49001CBECC /* hi */ = {isa = PBXFileReference; lastKnownFileType = text.plist.strings; name = hi; path = hi.lproj/Main.strings; sourceTree = "<group>"; };
		74D5368E2697FB49001CBECC /* hi */ = {isa = PBXFileReference; lastKnownFileType = text.plist.strings; name = hi; path = hi.lproj/LaunchScreen.strings; sourceTree = "<group>"; };
		74D5368F2697FB49001CBECC /* hi */ = {isa = PBXFileReference; lastKnownFileType = text.plist.strings; name = hi; path = hi.lproj/Localizable.strings; sourceTree = "<group>"; };
		74D536902697FF8C001CBECC /* Protocols.swift */ = {isa = PBXFileReference; lastKnownFileType = sourcecode.swift; path = Protocols.swift; sourceTree = "<group>"; };
		921680F243BD771A28E00049 /* Pods_TranslationDemo.framework */ = {isa = PBXFileReference; explicitFileType = wrapper.framework; includeInIndex = 0; path = Pods_TranslationDemo.framework; sourceTree = BUILT_PRODUCTS_DIR; };
		AC5D5F2F381F64DEBD97C28A /* Pods-TranslationDemo.debug.xcconfig */ = {isa = PBXFileReference; includeInIndex = 1; lastKnownFileType = text.xcconfig; name = "Pods-TranslationDemo.debug.xcconfig"; path = "Target Support Files/Pods-TranslationDemo/Pods-TranslationDemo.debug.xcconfig"; sourceTree = "<group>"; };
		E3B1C2F3D4BB248B769F85C7 /* Pods-TranslationDemo.release.xcconfig */ = {isa = PBXFileReference; includeInIndex = 1; lastKnownFileType = text.xcconfig; name = "Pods-TranslationDemo.release.xcconfig"; path = "Target Support Files/Pods-TranslationDemo/Pods-TranslationDemo.release.xcconfig"; sourceTree = "<group>"; };
/* End PBXFileReference section */

/* Begin PBXFrameworksBuildPhase section */
		74D536682697F079001CBECC /* Frameworks */ = {
			isa = PBXFrameworksBuildPhase;
			buildActionMask = 2147483647;
			files = (
				97E2038CDB31D3F90956934D /* Pods_TranslationDemo.framework in Frameworks */,
			);
			runOnlyForDeploymentPostprocessing = 0;
		};
/* End PBXFrameworksBuildPhase section */

/* Begin PBXGroup section */
		407A2D6044B07EC7B0758E07 /* Pods */ = {
			isa = PBXGroup;
			children = (
				AC5D5F2F381F64DEBD97C28A /* Pods-TranslationDemo.debug.xcconfig */,
				E3B1C2F3D4BB248B769F85C7 /* Pods-TranslationDemo.release.xcconfig */,
			);
			path = Pods;
			sourceTree = "<group>";
		};
		59568B5B61D428BBECC92704 /* Frameworks */ = {
			isa = PBXGroup;
			children = (
				921680F243BD771A28E00049 /* Pods_TranslationDemo.framework */,
			);
			name = Frameworks;
			sourceTree = "<group>";
		};
		74D536622697F079001CBECC = {
			isa = PBXGroup;
			children = (
				74D5366D2697F079001CBECC /* TranslationDemo */,
				74D5366C2697F079001CBECC /* Products */,
				407A2D6044B07EC7B0758E07 /* Pods */,
				59568B5B61D428BBECC92704 /* Frameworks */,
			);
			sourceTree = "<group>";
		};
		74D5366C2697F079001CBECC /* Products */ = {
			isa = PBXGroup;
			children = (
				74D5366B2697F079001CBECC /* TranslationDemo.app */,
			);
			name = Products;
			sourceTree = "<group>";
		};
		74D5366D2697F079001CBECC /* TranslationDemo */ = {
			isa = PBXGroup;
			children = (
				74D5366E2697F079001CBECC /* AppDelegate.swift */,
				74D536702697F079001CBECC /* SceneDelegate.swift */,
				74D536722697F079001CBECC /* ViewController.swift */,
				7488D97726981C1C00424347 /* SecondViewController.swift */,
				74CB647226982A0300137BD2 /* ThirdViewController.swift */,
				74D536902697FF8C001CBECC /* Protocols.swift */,
				74D536742697F079001CBECC /* Main.storyboard */,
				74D536862697FB17001CBECC /* Localizable.strings */,
				74D536772697F07A001CBECC /* Assets.xcassets */,
				74D536792697F07A001CBECC /* LaunchScreen.storyboard */,
				74D5367C2697F07A001CBECC /* Info.plist */,
			);
			path = TranslationDemo;
			sourceTree = "<group>";
		};
/* End PBXGroup section */

/* Begin PBXNativeTarget section */
		74D5366A2697F079001CBECC /* TranslationDemo */ = {
			isa = PBXNativeTarget;
			buildConfigurationList = 74D5367F2697F07A001CBECC /* Build configuration list for PBXNativeTarget "TranslationDemo" */;
			buildPhases = (
				31CDB24F2249B97CD5A277B6 /* [CP] Check Pods Manifest.lock */,
				74D536672697F079001CBECC /* Sources */,
				74D536682697F079001CBECC /* Frameworks */,
				74D536692697F079001CBECC /* Resources */,
				2D84599F224574F07CC8B07E /* [CP] Embed Pods Frameworks */,
			);
			buildRules = (
			);
			dependencies = (
			);
			name = TranslationDemo;
			productName = TranslationDemo;
			productReference = 74D5366B2697F079001CBECC /* TranslationDemo.app */;
			productType = "com.apple.product-type.application";
		};
/* End PBXNativeTarget section */

/* Begin PBXProject section */
		74D536632697F079001CBECC /* Project object */ = {
			isa = PBXProject;
			attributes = {
				LastSwiftUpdateCheck = 1250;
				LastUpgradeCheck = 1250;
				TargetAttributes = {
					74D5366A2697F079001CBECC = {
						CreatedOnToolsVersion = 12.5.1;
					};
				};
			};
			buildConfigurationList = 74D536662697F079001CBECC /* Build configuration list for PBXProject "TranslationDemo" */;
			compatibilityVersion = "Xcode 9.3";
			developmentRegion = en;
			hasScannedForEncodings = 0;
			knownRegions = (
				en,
				Base,
				"zh-Hans",
				ms,
				hi,
			);
			mainGroup = 74D536622697F079001CBECC;
			productRefGroup = 74D5366C2697F079001CBECC /* Products */;
			projectDirPath = "";
			projectRoot = "";
			targets = (
				74D5366A2697F079001CBECC /* TranslationDemo */,
			);
		};
/* End PBXProject section */

/* Begin PBXResourcesBuildPhase section */
		74D536692697F079001CBECC /* Resources */ = {
			isa = PBXResourcesBuildPhase;
			buildActionMask = 2147483647;
			files = (
				74D5367B2697F07A001CBECC /* LaunchScreen.storyboard in Resources */,
				74D536842697FB17001CBECC /* Localizable.strings in Resources */,
				74D536782697F07A001CBECC /* Assets.xcassets in Resources */,
				74D536762697F079001CBECC /* Main.storyboard in Resources */,
			);
			runOnlyForDeploymentPostprocessing = 0;
		};
/* End PBXResourcesBuildPhase section */

/* Begin PBXShellScriptBuildPhase section */
		2D84599F224574F07CC8B07E /* [CP] Embed Pods Frameworks */ = {
			isa = PBXShellScriptBuildPhase;
			buildActionMask = 2147483647;
			files = (
			);
			inputFileListPaths = (
				"${PODS_ROOT}/Target Support Files/Pods-TranslationDemo/Pods-TranslationDemo-frameworks-${CONFIGURATION}-input-files.xcfilelist",
			);
			name = "[CP] Embed Pods Frameworks";
			outputFileListPaths = (
				"${PODS_ROOT}/Target Support Files/Pods-TranslationDemo/Pods-TranslationDemo-frameworks-${CONFIGURATION}-output-files.xcfilelist",
			);
			runOnlyForDeploymentPostprocessing = 0;
			shellPath = /bin/sh;
			shellScript = "\"${PODS_ROOT}/Target Support Files/Pods-TranslationDemo/Pods-TranslationDemo-frameworks.sh\"\n";
			showEnvVarsInLog = 0;
		};
		31CDB24F2249B97CD5A277B6 /* [CP] Check Pods Manifest.lock */ = {
			isa = PBXShellScriptBuildPhase;
			buildActionMask = 2147483647;
			files = (
			);
			inputFileListPaths = (
			);
			inputPaths = (
				"${PODS_PODFILE_DIR_PATH}/Podfile.lock",
				"${PODS_ROOT}/Manifest.lock",
			);
			name = "[CP] Check Pods Manifest.lock";
			outputFileListPaths = (
			);
			outputPaths = (
				"$(DERIVED_FILE_DIR)/Pods-TranslationDemo-checkManifestLockResult.txt",
			);
			runOnlyForDeploymentPostprocessing = 0;
			shellPath = /bin/sh;
			shellScript = "diff \"${PODS_PODFILE_DIR_PATH}/Podfile.lock\" \"${PODS_ROOT}/Manifest.lock\" > /dev/null\nif [ $? != 0 ] ; then\n    # print error to STDERR\n    echo \"error: The sandbox is not in sync with the Podfile.lock. Run 'pod install' or update your CocoaPods installation.\" >&2\n    exit 1\nfi\n# This output is used by Xcode 'outputs' to avoid re-running this script phase.\necho \"SUCCESS\" > \"${SCRIPT_OUTPUT_FILE_0}\"\n";
			showEnvVarsInLog = 0;
		};
/* End PBXShellScriptBuildPhase section */

/* Begin PBXSourcesBuildPhase section */
		74D536672697F079001CBECC /* Sources */ = {
			isa = PBXSourcesBuildPhase;
			buildActionMask = 2147483647;
			files = (
				74D536732697F079001CBECC /* ViewController.swift in Sources */,
				74D5366F2697F079001CBECC /* AppDelegate.swift in Sources */,
				74D536712697F079001CBECC /* SceneDelegate.swift in Sources */,
				7488D97826981C1C00424347 /* SecondViewController.swift in Sources */,
				74CB647326982A0300137BD2 /* ThirdViewController.swift in Sources */,
				74D536912697FF8C001CBECC /* Protocols.swift in Sources */,
			);
			runOnlyForDeploymentPostprocessing = 0;
		};
/* End PBXSourcesBuildPhase section */

/* Begin PBXVariantGroup section */
		74D536742697F079001CBECC /* Main.storyboard */ = {
			isa = PBXVariantGroup;
			children = (
				74D536752697F079001CBECC /* Base */,
				74D536872697FB3F001CBECC /* zh-Hans */,
				74D5368A2697FB44001CBECC /* ms */,
				74D5368D2697FB49001CBECC /* hi */,
			);
			name = Main.storyboard;
			sourceTree = "<group>";
		};
		74D536792697F07A001CBECC /* LaunchScreen.storyboard */ = {
			isa = PBXVariantGroup;
			children = (
				74D5367A2697F07A001CBECC /* Base */,
				74D536882697FB3F001CBECC /* zh-Hans */,
				74D5368B2697FB44001CBECC /* ms */,
				74D5368E2697FB49001CBECC /* hi */,
			);
			name = LaunchScreen.storyboard;
			sourceTree = "<group>";
		};
		74D536862697FB17001CBECC /* Localizable.strings */ = {
			isa = PBXVariantGroup;
			children = (
				74D536852697FB17001CBECC /* en */,
				74D536892697FB3F001CBECC /* zh-Hans */,
				74D5368C2697FB44001CBECC /* ms */,
				74D5368F2697FB49001CBECC /* hi */,
			);
			name = Localizable.strings;
			sourceTree = "<group>";
		};
/* End PBXVariantGroup section */

/* Begin XCBuildConfiguration section */
		74D5367D2697F07A001CBECC /* Debug */ = {
			isa = XCBuildConfiguration;
			buildSettings = {
				ALWAYS_SEARCH_USER_PATHS = NO;
				CLANG_ANALYZER_LOCALIZABILITY_NONLOCALIZED = YES;
				CLANG_ANALYZER_NONNULL = YES;
				CLANG_ANALYZER_NUMBER_OBJECT_CONVERSION = YES_AGGRESSIVE;
				CLANG_CXX_LANGUAGE_STANDARD = "gnu++14";
				CLANG_CXX_LIBRARY = "libc++";
				CLANG_ENABLE_MODULES = YES;
				CLANG_ENABLE_OBJC_ARC = YES;
				CLANG_ENABLE_OBJC_WEAK = YES;
				CLANG_WARN_BLOCK_CAPTURE_AUTORELEASING = YES;
				CLANG_WARN_BOOL_CONVERSION = YES;
				CLANG_WARN_COMMA = YES;
				CLANG_WARN_CONSTANT_CONVERSION = YES;
				CLANG_WARN_DEPRECATED_OBJC_IMPLEMENTATIONS = YES;
				CLANG_WARN_DIRECT_OBJC_ISA_USAGE = YES_ERROR;
				CLANG_WARN_DOCUMENTATION_COMMENTS = YES;
				CLANG_WARN_EMPTY_BODY = YES;
				CLANG_WARN_ENUM_CONVERSION = YES;
				CLANG_WARN_INFINITE_RECURSION = YES;
				CLANG_WARN_INT_CONVERSION = YES;
				CLANG_WARN_NON_LITERAL_NULL_CONVERSION = YES;
				CLANG_WARN_OBJC_IMPLICIT_RETAIN_SELF = YES;
				CLANG_WARN_OBJC_LITERAL_CONVERSION = YES;
				CLANG_WARN_OBJC_ROOT_CLASS = YES_ERROR;
				CLANG_WARN_QUOTED_INCLUDE_IN_FRAMEWORK_HEADER = YES;
				CLANG_WARN_RANGE_LOOP_ANALYSIS = YES;
				CLANG_WARN_STRICT_PROTOTYPES = YES;
				CLANG_WARN_SUSPICIOUS_MOVE = YES;
				CLANG_WARN_UNGUARDED_AVAILABILITY = YES_AGGRESSIVE;
				CLANG_WARN_UNREACHABLE_CODE = YES;
				CLANG_WARN__DUPLICATE_METHOD_MATCH = YES;
				COPY_PHASE_STRIP = NO;
				DEBUG_INFORMATION_FORMAT = dwarf;
				ENABLE_STRICT_OBJC_MSGSEND = YES;
				ENABLE_TESTABILITY = YES;
				GCC_C_LANGUAGE_STANDARD = gnu11;
				GCC_DYNAMIC_NO_PIC = NO;
				GCC_NO_COMMON_BLOCKS = YES;
				GCC_OPTIMIZATION_LEVEL = 0;
				GCC_PREPROCESSOR_DEFINITIONS = (
					"DEBUG=1",
					"$(inherited)",
				);
				GCC_WARN_64_TO_32_BIT_CONVERSION = YES;
				GCC_WARN_ABOUT_RETURN_TYPE = YES_ERROR;
				GCC_WARN_UNDECLARED_SELECTOR = YES;
				GCC_WARN_UNINITIALIZED_AUTOS = YES_AGGRESSIVE;
				GCC_WARN_UNUSED_FUNCTION = YES;
				GCC_WARN_UNUSED_VARIABLE = YES;
				IPHONEOS_DEPLOYMENT_TARGET = 14.5;
				MTL_ENABLE_DEBUG_INFO = INCLUDE_SOURCE;
				MTL_FAST_MATH = YES;
				ONLY_ACTIVE_ARCH = YES;
				SDKROOT = iphoneos;
				SWIFT_ACTIVE_COMPILATION_CONDITIONS = DEBUG;
				SWIFT_OPTIMIZATION_LEVEL = "-Onone";
			};
			name = Debug;
		};
		74D5367E2697F07A001CBECC /* Release */ = {
			isa = XCBuildConfiguration;
			buildSettings = {
				ALWAYS_SEARCH_USER_PATHS = NO;
				CLANG_ANALYZER_LOCALIZABILITY_NONLOCALIZED = YES;
				CLANG_ANALYZER_NONNULL = YES;
				CLANG_ANALYZER_NUMBER_OBJECT_CONVERSION = YES_AGGRESSIVE;
				CLANG_CXX_LANGUAGE_STANDARD = "gnu++14";
				CLANG_CXX_LIBRARY = "libc++";
				CLANG_ENABLE_MODULES = YES;
				CLANG_ENABLE_OBJC_ARC = YES;
				CLANG_ENABLE_OBJC_WEAK = YES;
				CLANG_WARN_BLOCK_CAPTURE_AUTORELEASING = YES;
				CLANG_WARN_BOOL_CONVERSION = YES;
				CLANG_WARN_COMMA = YES;
				CLANG_WARN_CONSTANT_CONVERSION = YES;
				CLANG_WARN_DEPRECATED_OBJC_IMPLEMENTATIONS = YES;
				CLANG_WARN_DIRECT_OBJC_ISA_USAGE = YES_ERROR;
				CLANG_WARN_DOCUMENTATION_COMMENTS = YES;
				CLANG_WARN_EMPTY_BODY = YES;
				CLANG_WARN_ENUM_CONVERSION = YES;
				CLANG_WARN_INFINITE_RECURSION = YES;
				CLANG_WARN_INT_CONVERSION = YES;
				CLANG_WARN_NON_LITERAL_NULL_CONVERSION = YES;
				CLANG_WARN_OBJC_IMPLICIT_RETAIN_SELF = YES;
				CLANG_WARN_OBJC_LITERAL_CONVERSION = YES;
				CLANG_WARN_OBJC_ROOT_CLASS = YES_ERROR;
				CLANG_WARN_QUOTED_INCLUDE_IN_FRAMEWORK_HEADER = YES;
				CLANG_WARN_RANGE_LOOP_ANALYSIS = YES;
				CLANG_WARN_STRICT_PROTOTYPES = YES;
				CLANG_WARN_SUSPICIOUS_MOVE = YES;
				CLANG_WARN_UNGUARDED_AVAILABILITY = YES_AGGRESSIVE;
				CLANG_WARN_UNREACHABLE_CODE = YES;
				CLANG_WARN__DUPLICATE_METHOD_MATCH = YES;
				COPY_PHASE_STRIP = NO;
				DEBUG_INFORMATION_FORMAT = "dwarf-with-dsym";
				ENABLE_NS_ASSERTIONS = NO;
				ENABLE_STRICT_OBJC_MSGSEND = YES;
				GCC_C_LANGUAGE_STANDARD = gnu11;
				GCC_NO_COMMON_BLOCKS = YES;
				GCC_WARN_64_TO_32_BIT_CONVERSION = YES;
				GCC_WARN_ABOUT_RETURN_TYPE = YES_ERROR;
				GCC_WARN_UNDECLARED_SELECTOR = YES;
				GCC_WARN_UNINITIALIZED_AUTOS = YES_AGGRESSIVE;
				GCC_WARN_UNUSED_FUNCTION = YES;
				GCC_WARN_UNUSED_VARIABLE = YES;
				IPHONEOS_DEPLOYMENT_TARGET = 14.5;
				MTL_ENABLE_DEBUG_INFO = NO;
				MTL_FAST_MATH = YES;
				SDKROOT = iphoneos;
				SWIFT_COMPILATION_MODE = wholemodule;
				SWIFT_OPTIMIZATION_LEVEL = "-O";
				VALIDATE_PRODUCT = YES;
			};
			name = Release;
		};
		74D536802697F07A001CBECC /* Debug */ = {
			isa = XCBuildConfiguration;
			baseConfigurationReference = AC5D5F2F381F64DEBD97C28A /* Pods-TranslationDemo.debug.xcconfig */;
			buildSettings = {
				ASSETCATALOG_COMPILER_APPICON_NAME = AppIcon;
				ASSETCATALOG_COMPILER_GLOBAL_ACCENT_COLOR_NAME = AccentColor;
				CODE_SIGN_STYLE = Automatic;
				DEVELOPMENT_TEAM = 6C5DNF33P2;
				INFOPLIST_FILE = TranslationDemo/Info.plist;
				LD_RUNPATH_SEARCH_PATHS = (
					"$(inherited)",
					"@executable_path/Frameworks",
				);
				PRODUCT_BUNDLE_IDENTIFIER = com.xinruigao.TranslationDemo;
				PRODUCT_NAME = "$(TARGET_NAME)";
				SWIFT_VERSION = 5.0;
				TARGETED_DEVICE_FAMILY = "1,2";
			};
			name = Debug;
		};
		74D536812697F07A001CBECC /* Release */ = {
			isa = XCBuildConfiguration;
			baseConfigurationReference = E3B1C2F3D4BB248B769F85C7 /* Pods-TranslationDemo.release.xcconfig */;
			buildSettings = {
				ASSETCATALOG_COMPILER_APPICON_NAME = AppIcon;
				ASSETCATALOG_COMPILER_GLOBAL_ACCENT_COLOR_NAME = AccentColor;
				CODE_SIGN_STYLE = Automatic;
				DEVELOPMENT_TEAM = 6C5DNF33P2;
				INFOPLIST_FILE = TranslationDemo/Info.plist;
				LD_RUNPATH_SEARCH_PATHS = (
					"$(inherited)",
					"@executable_path/Frameworks",
				);
				PRODUCT_BUNDLE_IDENTIFIER = com.xinruigao.TranslationDemo;
				PRODUCT_NAME = "$(TARGET_NAME)";
				SWIFT_VERSION = 5.0;
				TARGETED_DEVICE_FAMILY = "1,2";
			};
			name = Release;
		};
/* End XCBuildConfiguration section */

/* Begin XCConfigurationList section */
		74D536662697F079001CBECC /* Build configuration list for PBXProject "TranslationDemo" */ = {
			isa = XCConfigurationList;
			buildConfigurations = (
				74D5367D2697F07A001CBECC /* Debug */,
				74D5367E2697F07A001CBECC /* Release */,
			);
			defaultConfigurationIsVisible = 0;
			defaultConfigurationName = Release;
		};
		74D5367F2697F07A001CBECC /* Build configuration list for PBXNativeTarget "TranslationDemo" */ = {
			isa = XCConfigurationList;
			buildConfigurations = (
				74D536802697F07A001CBECC /* Debug */,
				74D536812697F07A001CBECC /* Release */,
			);
			defaultConfigurationIsVisible = 0;
			defaultConfigurationName = Release;
		};
/* End XCConfigurationList section */
	};
	rootObject = 74D536632697F079001CBECC /* Project object */;
}
